
Microsoft Visual Studio Solution File, Format Version 12.00
# Visual Studio 14
VisualStudioVersion = 14.0.24720.0
MinimumVisualStudioVersion = 10.0.40219.1
Project("{FAE04EC0-301F-11D3-BF4B-00C04F79EFBC}") = "FCamaraDevDDD.WebApiToken", "FCamaraDevDDD.WebApiToken\FCamaraDevDDD.WebApiToken.csproj", "{BFBD7258-B6A9-45D6-9ECE-B31FB8358835}"
EndProject
Project("{FAE04EC0-301F-11D3-BF4B-00C04F79EFBC}") = "FCamaraDev.Entity", "FCamaraDev.Entity\FCamaraDev.Entity.csproj", "{CA4502EB-144F-488A-AB8A-011935B37BF4}"
EndProject
Project("{FAE04EC0-301F-11D3-BF4B-00C04F79EFBC}") = "FCamaraDev.Repository", "FCamaraDev.Repository\FCamaraDev.Repository.csproj", "{D6BA18D4-E848-473D-93A5-523E11E0CED7}"
EndProject
Project("{FAE04EC0-301F-11D3-BF4B-00C04F79EFBC}") = "FCamaraDev.Infra.Data", "FCamaraDev.Infra.Data\FCamaraDev.Infra.Data.csproj", "{17FFA36B-D8CC-4AB2-90D9-146B1D9A589F}"
EndProject
Global
	GlobalSection(SolutionConfigurationPlatforms) = preSolution
		Debug|Any CPU = Debug|Any CPU
		Release|Any CPU = Release|Any CPU
	EndGlobalSection
	GlobalSection(ProjectConfigurationPlatforms) = postSolution
		{BFBD7258-B6A9-45D6-9ECE-B31FB8358835}.Debug|Any CPU.ActiveCfg = Debug|Any CPU
		{BFBD7258-B6A9-45D6-9ECE-B31FB8358835}.Debug|Any CPU.Build.0 = Debug|Any CPU
		{BFBD7258-B6A9-45D6-9ECE-B31FB8358835}.Release|Any CPU.ActiveCfg = Release|Any CPU
		{BFBD7258-B6A9-45D6-9ECE-B31FB8358835}.Release|Any CPU.Build.0 = Release|Any CPU
		{CA4502EB-144F-488A-AB8A-011935B37BF4}.Debug|Any CPU.ActiveCfg = Debug|Any CPU
		{CA4502EB-144F-488A-AB8A-011935B37BF4}.Debug|Any CPU.Build.0 = Debug|Any CPU
		{CA4502EB-144F-488A-AB8A-011935B37BF4}.Release|Any CPU.ActiveCfg = Release|Any CPU
		{CA4502EB-144F-488A-AB8A-011935B37BF4}.Release|Any CPU.Build.0 = Release|Any CPU
		{D6BA18D4-E848-473D-93A5-523E11E0CED7}.Debug|Any CPU.ActiveCfg = Debug|Any CPU
		{D6BA18D4-E848-473D-93A5-523E11E0CED7}.Debug|Any CPU.Build.0 = Debug|Any CPU
		{D6BA18D4-E848-473D-93A5-523E11E0CED7}.Release|Any CPU.ActiveCfg = Release|Any CPU
		{D6BA18D4-E848-473D-93A5-523E11E0CED7}.Release|Any CPU.Build.0 = Release|Any CPU
		{17FFA36B-D8CC-4AB2-90D9-146B1D9A589F}.Debug|Any CPU.ActiveCfg = Debug|Any CPU
		{17FFA36B-D8CC-4AB2-90D9-146B1D9A589F}.Debug|Any CPU.Build.0 = Debug|Any CPU
		{17FFA36B-D8CC-4AB2-90D9-146B1D9A589F}.Release|Any CPU.ActiveCfg = Release|Any CPU
		{17FFA36B-D8CC-4AB2-90D9-146B1D9A589F}.Release|Any CPU.Build.0 = Release|Any CPU
	EndGlobalSection
	GlobalSection(SolutionProperties) = preSolution
		HideSolutionNode = FALSE
	EndGlobalSection
EndGlobal
